
Microsoft Visual Studio Solution File, Format Version 12.00
# Visual Studio Version 17
VisualStudioVersion = 17.11.35312.102
MinimumVisualStudioVersion = 10.0.40219.1
Project("{FAE04EC0-301F-11D3-BF4B-00C04F79EFBC}") = "Sample.Api", "Sample.Api\Sample.Api.csproj", "{31FE33C9-00E4-4AFC-9CA8-A0DF8BDDC189}"
EndProject
Project("{FAE04EC0-301F-11D3-BF4B-00C04F79EFBC}") = "Sample.Common", "Sample.Common\Sample.Common.csproj", "{643D651F-9741-439E-B01F-5643060D69C1}"
EndProject
Project("{FAE04EC0-301F-11D3-BF4B-00C04F79EFBC}") = "Sample.Data", "Sample.Data\Sample.Data.csproj", "{8E574F4A-0B94-45B3-81D5-F8DABD7620BB}"
EndProject
Project("{FAE04EC0-301F-11D3-BF4B-00C04F79EFBC}") = "Sample.Core", "Sample.Service\Sample.Core.csproj", "{0038638C-1AA8-4208-A094-51A51D239AF4}"
EndProject
Project("{FAE04EC0-301F-11D3-BF4B-00C04F79EFBC}") = "Sample.Test", "Sample.Test\Sample.Test.csproj", "{4E3FCD7C-7B2F-4D3F-BBA1-4DBE337F3607}"
EndProject
Global
	GlobalSection(SolutionConfigurationPlatforms) = preSolution
		Debug|Any CPU = Debug|Any CPU
		Release|Any CPU = Release|Any CPU
	EndGlobalSection
	GlobalSection(ProjectConfigurationPlatforms) = postSolution
		{31FE33C9-00E4-4AFC-9CA8-A0DF8BDDC189}.Debug|Any CPU.ActiveCfg = Debug|Any CPU
		{31FE33C9-00E4-4AFC-9CA8-A0DF8BDDC189}.Debug|Any CPU.Build.0 = Debug|Any CPU
		{31FE33C9-00E4-4AFC-9CA8-A0DF8BDDC189}.Release|Any CPU.ActiveCfg = Release|Any CPU
		{31FE33C9-00E4-4AFC-9CA8-A0DF8BDDC189}.Release|Any CPU.Build.0 = Release|Any CPU
		{643D651F-9741-439E-B01F-5643060D69C1}.Debug|Any CPU.ActiveCfg = Debug|Any CPU
		{643D651F-9741-439E-B01F-5643060D69C1}.Debug|Any CPU.Build.0 = Debug|Any CPU
		{643D651F-9741-439E-B01F-5643060D69C1}.Release|Any CPU.ActiveCfg = Release|Any CPU
		{643D651F-9741-439E-B01F-5643060D69C1}.Release|Any CPU.Build.0 = Release|Any CPU
		{8E574F4A-0B94-45B3-81D5-F8DABD7620BB}.Debug|Any CPU.ActiveCfg = Debug|Any CPU
		{8E574F4A-0B94-45B3-81D5-F8DABD7620BB}.Debug|Any CPU.Build.0 = Debug|Any CPU
		{8E574F4A-0B94-45B3-81D5-F8DABD7620BB}.Release|Any CPU.ActiveCfg = Release|Any CPU
		{8E574F4A-0B94-45B3-81D5-F8DABD7620BB}.Release|Any CPU.Build.0 = Release|Any CPU
		{0038638C-1AA8-4208-A094-51A51D239AF4}.Debug|Any CPU.ActiveCfg = Debug|Any CPU
		{0038638C-1AA8-4208-A094-51A51D239AF4}.Debug|Any CPU.Build.0 = Debug|Any CPU
		{0038638C-1AA8-4208-A094-51A51D239AF4}.Release|Any CPU.ActiveCfg = Release|Any CPU
		{0038638C-1AA8-4208-A094-51A51D239AF4}.Release|Any CPU.Build.0 = Release|Any CPU
		{4E3FCD7C-7B2F-4D3F-BBA1-4DBE337F3607}.Debug|Any CPU.ActiveCfg = Debug|Any CPU
		{4E3FCD7C-7B2F-4D3F-BBA1-4DBE337F3607}.Debug|Any CPU.Build.0 = Debug|Any CPU
		{4E3FCD7C-7B2F-4D3F-BBA1-4DBE337F3607}.Release|Any CPU.ActiveCfg = Release|Any CPU
		{4E3FCD7C-7B2F-4D3F-BBA1-4DBE337F3607}.Release|Any CPU.Build.0 = Release|Any CPU
	EndGlobalSection
	GlobalSection(SolutionProperties) = preSolution
		HideSolutionNode = FALSE
	EndGlobalSection
	GlobalSection(ExtensibilityGlobals) = postSolution
		SolutionGuid = {9DCFD25A-5483-4017-8DE6-92DE0DBD4240}
	EndGlobalSection
EndGlobal
