<Solution>
  <Folder Name="/tests/">
    <Project Path="tests\Sample.Test\Sample.Test.csproj" />
  </Folder>
  <Project Path="src\Sample.Core\Sample.Core.csproj" />
  <Project Path="src\Sample.Data\Sample.Data.csproj" />
  <Project Path="src\Sample.Common\Sample.Common.csproj" />
  <Project Path="src\Sample.Api\Sample.Api.csproj" />
</Solution>
